
Microsoft Visual Studio Solution File, Format Version 12.00
# Visual Studio 2012
Project("{FAE04EC0-301F-11D3-BF4B-00C04F79EFBC}") = "订餐管理系统", "订餐管理系统\订餐管理系统.csproj", "{61B7C0CC-63AD-4E03-B0A0-80ECEE451259}"
EndProject
Project("{FAE04EC0-301F-11D3-BF4B-00C04F79EFBC}") = "MVVM", "MVVM\MVVM.csproj", "{36AC874B-AE69-4EEB-A385-07899AB3B665}"
EndProject
Global
	GlobalSection(SolutionConfigurationPlatforms) = preSolution
		Debug|Any CPU = Debug|Any CPU
		Release|Any CPU = Release|Any CPU
	EndGlobalSection
	GlobalSection(ProjectConfigurationPlatforms) = postSolution
		{61B7C0CC-63AD-4E03-B0A0-80ECEE451259}.Debug|Any CPU.ActiveCfg = Debug|Any CPU
		{61B7C0CC-63AD-4E03-B0A0-80ECEE451259}.Debug|Any CPU.Build.0 = Debug|Any CPU
		{61B7C0CC-63AD-4E03-B0A0-80ECEE451259}.Release|Any CPU.ActiveCfg = Release|Any CPU
		{61B7C0CC-63AD-4E03-B0A0-80ECEE451259}.Release|Any CPU.Build.0 = Release|Any CPU
		{36AC874B-AE69-4EEB-A385-07899AB3B665}.Debug|Any CPU.ActiveCfg = Debug|Any CPU
		{36AC874B-AE69-4EEB-A385-07899AB3B665}.Debug|Any CPU.Build.0 = Debug|Any CPU
		{36AC874B-AE69-4EEB-A385-07899AB3B665}.Release|Any CPU.ActiveCfg = Release|Any CPU
		{36AC874B-AE69-4EEB-A385-07899AB3B665}.Release|Any CPU.Build.0 = Release|Any CPU
	EndGlobalSection
	GlobalSection(SolutionProperties) = preSolution
		HideSolutionNode = FALSE
	EndGlobalSection
EndGlobal
